{
  "name": "@ethiopicist/calendar",
  "version": "1.0.0",
  "lockfileVersion": 1,
  "requires": true,
  "dependencies": {
    "bulma": {
      "version": "0.7.2",
      "resolved": "https://registry.npmjs.org/bulma/-/bulma-0.7.2.tgz",
      "integrity": "sha512-6JHEu8U/1xsyOst/El5ImLcZIiE2JFXgvrz8GGWbnDLwTNRPJzdAM0aoUM1Ns0avALcVb6KZz9NhzmU53dGDcQ=="
    },
    "ethiopic-calendar": {
      "version": "2.0.0",
      "resolved": "https://registry.npmjs.org/ethiopic-calendar/-/ethiopic-calendar-2.0.0.tgz",
      "integrity": "sha1-NT5Ffo/wkzifZzD7MWpHBdoSyuo="
    },
    "jquery": {
      "version": "3.3.1",
      "resolved": "https://registry.npmjs.org/jquery/-/jquery-3.3.1.tgz",
      "integrity": "sha512-Ubldcmxp5np52/ENotGxlLe6aGMvmF4R8S6tZjsP6Knsaxd/xp3Zrh50cG93lR6nPXyUFwzN3ZSOQI0wRJNdGg=="
    },
    "octicons": {
      "version": "4.4.0",
      "resolved": "http://registry.npmjs.org/octicons/-/octicons-4.4.0.tgz",
      "integrity": "sha1-rKO9MvXcHZB6jQ3nRPeODFThlEY="
    }
  }
}
